
Microsoft Visual Studio Solution File, Format Version 12.00
# Visual Studio Version 17
VisualStudioVersion = 17.2.32516.85
MinimumVisualStudioVersion = 10.0.40219.1
Project("{2150E333-8FDC-42A3-9474-1A3956D46DE8}") = "1.Presentation Layer", "1.Presentation Layer", "{A74CEF61-CE8A-42C7-A026-75F1E7BC20C3}"
EndProject
Project("{2150E333-8FDC-42A3-9474-1A3956D46DE8}") = "2.Business Layer", "2.Business Layer", "{ADFF5567-8C8C-4F23-BC19-D4DBD4085561}"
EndProject
Project("{2150E333-8FDC-42A3-9474-1A3956D46DE8}") = "3.Data Access", "3.Data Access", "{45BCFF0E-5AEF-45E1-B5B5-A9D6E32005E6}"
EndProject
Project("{9A19103F-16F7-4668-BE54-9A1E7A4F7556}") = "BusinessObject", "BusinessObject\BusinessObject.csproj", "{BE76E152-266A-4170-837B-0870EC22077B}"
EndProject
Project("{9A19103F-16F7-4668-BE54-9A1E7A4F7556}") = "DataAccess", "DataAccess\DataAccess.csproj", "{5A6AAF84-C12F-4B02-8E14-2672C450FD0F}"
EndProject
Project("{9A19103F-16F7-4668-BE54-9A1E7A4F7556}") = "eStore", "eStore\eStore.csproj", "{C36C825F-D2BF-435C-AC28-FFAF03438612}"
EndProject
Global
	GlobalSection(SolutionConfigurationPlatforms) = preSolution
		Debug|Any CPU = Debug|Any CPU
		Release|Any CPU = Release|Any CPU
	EndGlobalSection
	GlobalSection(ProjectConfigurationPlatforms) = postSolution
		{BE76E152-266A-4170-837B-0870EC22077B}.Debug|Any CPU.ActiveCfg = Debug|Any CPU
		{BE76E152-266A-4170-837B-0870EC22077B}.Debug|Any CPU.Build.0 = Debug|Any CPU
		{BE76E152-266A-4170-837B-0870EC22077B}.Release|Any CPU.ActiveCfg = Release|Any CPU
		{BE76E152-266A-4170-837B-0870EC22077B}.Release|Any CPU.Build.0 = Release|Any CPU
		{5A6AAF84-C12F-4B02-8E14-2672C450FD0F}.Debug|Any CPU.ActiveCfg = Debug|Any CPU
		{5A6AAF84-C12F-4B02-8E14-2672C450FD0F}.Debug|Any CPU.Build.0 = Debug|Any CPU
		{5A6AAF84-C12F-4B02-8E14-2672C450FD0F}.Release|Any CPU.ActiveCfg = Release|Any CPU
		{5A6AAF84-C12F-4B02-8E14-2672C450FD0F}.Release|Any CPU.Build.0 = Release|Any CPU
		{C36C825F-D2BF-435C-AC28-FFAF03438612}.Debug|Any CPU.ActiveCfg = Debug|Any CPU
		{C36C825F-D2BF-435C-AC28-FFAF03438612}.Debug|Any CPU.Build.0 = Debug|Any CPU
		{C36C825F-D2BF-435C-AC28-FFAF03438612}.Release|Any CPU.ActiveCfg = Release|Any CPU
		{C36C825F-D2BF-435C-AC28-FFAF03438612}.Release|Any CPU.Build.0 = Release|Any CPU
	EndGlobalSection
	GlobalSection(SolutionProperties) = preSolution
		HideSolutionNode = FALSE
	EndGlobalSection
	GlobalSection(NestedProjects) = preSolution
		{BE76E152-266A-4170-837B-0870EC22077B} = {ADFF5567-8C8C-4F23-BC19-D4DBD4085561}
		{5A6AAF84-C12F-4B02-8E14-2672C450FD0F} = {45BCFF0E-5AEF-45E1-B5B5-A9D6E32005E6}
		{C36C825F-D2BF-435C-AC28-FFAF03438612} = {A74CEF61-CE8A-42C7-A026-75F1E7BC20C3}
	EndGlobalSection
	GlobalSection(ExtensibilityGlobals) = postSolution
		SolutionGuid = {FAA4C6C4-A358-4461-B3E8-63A64DC24F13}
	EndGlobalSection
EndGlobal
